
Microsoft Visual Studio Solution File, Format Version 12.00
# Visual Studio Version 16
VisualStudioVersion = 16.0.28803.352
MinimumVisualStudioVersion = 10.0.40219.1
Project("{9A19103F-16F7-4668-BE54-9A1E7A4F7556}") = "SIS.HTTP", "SIS.HTTP\SIS.HTTP.csproj", "{1910DFAA-1125-4F88-B69D-E152ADA07742}"
EndProject
Project("{9A19103F-16F7-4668-BE54-9A1E7A4F7556}") = "Demo.App", "Demo.App\Demo.App.csproj", "{3BBE7A5C-1DBD-4A9D-8618-92048E67DF5E}"
EndProject
Project("{9A19103F-16F7-4668-BE54-9A1E7A4F7556}") = "SIS.WebServer", "SIS.WebServer\SIS.WebServer.csproj", "{8D6778CA-208A-4BB5-81C9-AA82096C71D3}"
EndProject
Project("{FAE04EC0-301F-11D3-BF4B-00C04F79EFBC}") = "Demo.Data", "Demo.Data\Demo.Data.csproj", "{EB4AAAA9-B2C8-43D1-8910-74DE1E5DED6E}"
EndProject
Project("{FAE04EC0-301F-11D3-BF4B-00C04F79EFBC}") = "Demo.Models", "Demo.Models\Demo.Models.csproj", "{9735F2E9-0311-47ED-ACFF-32DA62EE8D22}"
EndProject
Global
	GlobalSection(SolutionConfigurationPlatforms) = preSolution
		Debug|Any CPU = Debug|Any CPU
		Release|Any CPU = Release|Any CPU
	EndGlobalSection
	GlobalSection(ProjectConfigurationPlatforms) = postSolution
		{1910DFAA-1125-4F88-B69D-E152ADA07742}.Debug|Any CPU.ActiveCfg = Debug|Any CPU
		{1910DFAA-1125-4F88-B69D-E152ADA07742}.Debug|Any CPU.Build.0 = Debug|Any CPU
		{1910DFAA-1125-4F88-B69D-E152ADA07742}.Release|Any CPU.ActiveCfg = Release|Any CPU
		{1910DFAA-1125-4F88-B69D-E152ADA07742}.Release|Any CPU.Build.0 = Release|Any CPU
		{3BBE7A5C-1DBD-4A9D-8618-92048E67DF5E}.Debug|Any CPU.ActiveCfg = Debug|Any CPU
		{3BBE7A5C-1DBD-4A9D-8618-92048E67DF5E}.Debug|Any CPU.Build.0 = Debug|Any CPU
		{3BBE7A5C-1DBD-4A9D-8618-92048E67DF5E}.Release|Any CPU.ActiveCfg = Release|Any CPU
		{3BBE7A5C-1DBD-4A9D-8618-92048E67DF5E}.Release|Any CPU.Build.0 = Release|Any CPU
		{8D6778CA-208A-4BB5-81C9-AA82096C71D3}.Debug|Any CPU.ActiveCfg = Debug|Any CPU
		{8D6778CA-208A-4BB5-81C9-AA82096C71D3}.Debug|Any CPU.Build.0 = Debug|Any CPU
		{8D6778CA-208A-4BB5-81C9-AA82096C71D3}.Release|Any CPU.ActiveCfg = Release|Any CPU
		{8D6778CA-208A-4BB5-81C9-AA82096C71D3}.Release|Any CPU.Build.0 = Release|Any CPU
		{EB4AAAA9-B2C8-43D1-8910-74DE1E5DED6E}.Debug|Any CPU.ActiveCfg = Debug|Any CPU
		{EB4AAAA9-B2C8-43D1-8910-74DE1E5DED6E}.Debug|Any CPU.Build.0 = Debug|Any CPU
		{EB4AAAA9-B2C8-43D1-8910-74DE1E5DED6E}.Release|Any CPU.ActiveCfg = Release|Any CPU
		{EB4AAAA9-B2C8-43D1-8910-74DE1E5DED6E}.Release|Any CPU.Build.0 = Release|Any CPU
		{9735F2E9-0311-47ED-ACFF-32DA62EE8D22}.Debug|Any CPU.ActiveCfg = Debug|Any CPU
		{9735F2E9-0311-47ED-ACFF-32DA62EE8D22}.Debug|Any CPU.Build.0 = Debug|Any CPU
		{9735F2E9-0311-47ED-ACFF-32DA62EE8D22}.Release|Any CPU.ActiveCfg = Release|Any CPU
		{9735F2E9-0311-47ED-ACFF-32DA62EE8D22}.Release|Any CPU.Build.0 = Release|Any CPU
	EndGlobalSection
	GlobalSection(SolutionProperties) = preSolution
		HideSolutionNode = FALSE
	EndGlobalSection
	GlobalSection(ExtensibilityGlobals) = postSolution
		SolutionGuid = {CECDF171-3690-43AA-8D93-0D9BBC8A9357}
	EndGlobalSection
EndGlobal
