
Microsoft Visual Studio Solution File, Format Version 12.00
# Visual Studio Version 16
VisualStudioVersion = 16.0.28803.352
MinimumVisualStudioVersion = 10.0.40219.1
Project("{9A19103F-16F7-4668-BE54-9A1E7A4F7556}") = "SIS.HTTP", "SIS.HTTP\SIS.HTTP.csproj", "{FA55473A-1861-496C-A3DE-4C3BD49933E1}"
EndProject
Project("{9A19103F-16F7-4668-BE54-9A1E7A4F7556}") = "SIS.WebServer", "SIS.WebServer\SIS.WebServer.csproj", "{E2C4AD9A-9053-4A26-B1AA-5932B3426B9F}"
EndProject
Project("{FAE04EC0-301F-11D3-BF4B-00C04F79EFBC}") = "Demo.App.Emo", "Demo.App.Emo\Demo.App.Emo.csproj", "{38C6E54F-B406-4C4C-A8C6-2509CD63B0D2}"
EndProject
Global
	GlobalSection(SolutionConfigurationPlatforms) = preSolution
		Debug|Any CPU = Debug|Any CPU
		Release|Any CPU = Release|Any CPU
	EndGlobalSection
	GlobalSection(ProjectConfigurationPlatforms) = postSolution
		{FA55473A-1861-496C-A3DE-4C3BD49933E1}.Debug|Any CPU.ActiveCfg = Debug|Any CPU
		{FA55473A-1861-496C-A3DE-4C3BD49933E1}.Debug|Any CPU.Build.0 = Debug|Any CPU
		{FA55473A-1861-496C-A3DE-4C3BD49933E1}.Release|Any CPU.ActiveCfg = Release|Any CPU
		{FA55473A-1861-496C-A3DE-4C3BD49933E1}.Release|Any CPU.Build.0 = Release|Any CPU
		{E2C4AD9A-9053-4A26-B1AA-5932B3426B9F}.Debug|Any CPU.ActiveCfg = Debug|Any CPU
		{E2C4AD9A-9053-4A26-B1AA-5932B3426B9F}.Debug|Any CPU.Build.0 = Debug|Any CPU
		{E2C4AD9A-9053-4A26-B1AA-5932B3426B9F}.Release|Any CPU.ActiveCfg = Release|Any CPU
		{E2C4AD9A-9053-4A26-B1AA-5932B3426B9F}.Release|Any CPU.Build.0 = Release|Any CPU
		{38C6E54F-B406-4C4C-A8C6-2509CD63B0D2}.Debug|Any CPU.ActiveCfg = Debug|Any CPU
		{38C6E54F-B406-4C4C-A8C6-2509CD63B0D2}.Debug|Any CPU.Build.0 = Debug|Any CPU
		{38C6E54F-B406-4C4C-A8C6-2509CD63B0D2}.Release|Any CPU.ActiveCfg = Release|Any CPU
		{38C6E54F-B406-4C4C-A8C6-2509CD63B0D2}.Release|Any CPU.Build.0 = Release|Any CPU
	EndGlobalSection
	GlobalSection(SolutionProperties) = preSolution
		HideSolutionNode = FALSE
	EndGlobalSection
	GlobalSection(ExtensibilityGlobals) = postSolution
		SolutionGuid = {439375F2-4361-4A6C-A1D4-E22222DBDE2D}
	EndGlobalSection
EndGlobal
